// !$*UTF8*$!
{
	archiveVersion = 1;
	classes = {
	};
	objectVersion = 46;
	objects = {

/* Begin PBXBuildFile section */
		6972D8D219240735000D3724 /* Foundation.framework in Frameworks */ = {isa = PBXBuildFile; fileRef = 6972D8D119240735000D3724 /* Foundation.framework */; };
		6972D8D419240735000D3724 /* CoreGraphics.framework in Frameworks */ = {isa = PBXBuildFile; fileRef = 6972D8D319240735000D3724 /* CoreGraphics.framework */; };
		6972D8D619240735000D3724 /* UIKit.framework in Frameworks */ = {isa = PBXBuildFile; fileRef = 6972D8D519240735000D3724 /* UIKit.framework */; };
		6972D8DC19240735000D3724 /* InfoPlist.strings in Resources */ = {isa = PBXBuildFile; fileRef = 6972D8DA19240735000D3724 /* InfoPlist.strings */; };
		6972D8DE19240735000D3724 /* main.m in Sources */ = {isa = PBXBuildFile; fileRef = 6972D8DD19240735000D3724 /* main.m */; };
		6972D8E219240735000D3724 /* AppDelegate.m in Sources */ = {isa = PBXBuildFile; fileRef = 6972D8E119240735000D3724 /* AppDelegate.m */; };
		6972D8E419240735000D3724 /* Images.xcassets in Resources */ = {isa = PBXBuildFile; fileRef = 6972D8E319240735000D3724 /* Images.xcassets */; };
		6972D8EB19240735000D3724 /* XCTest.framework in Frameworks */ = {isa = PBXBuildFile; fileRef = 6972D8EA19240735000D3724 /* XCTest.framework */; };
		6972D8EC19240735000D3724 /* Foundation.framework in Frameworks */ = {isa = PBXBuildFile; fileRef = 6972D8D119240735000D3724 /* Foundation.framework */; };
		6972D8ED19240735000D3724 /* UIKit.framework in Frameworks */ = {isa = PBXBuildFile; fileRef = 6972D8D519240735000D3724 /* UIKit.framework */; };
		6972D8F519240735000D3724 /* InfoPlist.strings in Resources */ = {isa = PBXBuildFile; fileRef = 6972D8F319240735000D3724 /* InfoPlist.strings */; };
		6972D8F719240735000D3724 /* AguacateTests.m in Sources */ = {isa = PBXBuildFile; fileRef = 6972D8F619240735000D3724 /* AguacateTests.m */; };
		69F6EDCE19298E0D007D3E1C /* GameViewController.m in Sources */ = {isa = PBXBuildFile; fileRef = 69F6EDCD19298E0D007D3E1C /* GameViewController.m */; };
		69F6EDD1192995C1007D3E1C /* GameCell.m in Sources */ = {isa = PBXBuildFile; fileRef = 69F6EDD0192995C1007D3E1C /* GameCell.m */; };
		69F6EDD419299D1B007D3E1C /* GameManager.m in Sources */ = {isa = PBXBuildFile; fileRef = 69F6EDD319299D1B007D3E1C /* GameManager.m */; };
/* End PBXBuildFile section */

/* Begin PBXContainerItemProxy section */
		6972D8EE19240735000D3724 /* PBXContainerItemProxy */ = {
			isa = PBXContainerItemProxy;
			containerPortal = 6972D8C619240735000D3724 /* Project object */;
			proxyType = 1;
			remoteGlobalIDString = 6972D8CD19240735000D3724;
			remoteInfo = Aguacate;
		};
/* End PBXContainerItemProxy section */

/* Begin PBXFileReference section */
		6972D8CE19240735000D3724 /* Aguacate.app */ = {isa = PBXFileReference; explicitFileType = wrapper.application; includeInIndex = 0; path = Aguacate.app; sourceTree = BUILT_PRODUCTS_DIR; };
		6972D8D119240735000D3724 /* Foundation.framework */ = {isa = PBXFileReference; lastKnownFileType = wrapper.framework; name = Foundation.framework; path = System/Library/Frameworks/Foundation.framework; sourceTree = SDKROOT; };
		6972D8D319240735000D3724 /* CoreGraphics.framework */ = {isa = PBXFileReference; lastKnownFileType = wrapper.framework; name = CoreGraphics.framework; path = System/Library/Frameworks/CoreGraphics.framework; sourceTree = SDKROOT; };
		6972D8D519240735000D3724 /* UIKit.framework */ = {isa = PBXFileReference; lastKnownFileType = wrapper.framework; name = UIKit.framework; path = System/Library/Frameworks/UIKit.framework; sourceTree = SDKROOT; };
		6972D8D919240735000D3724 /* Aguacate-Info.plist */ = {isa = PBXFileReference; lastKnownFileType = text.plist.xml; path = "Aguacate-Info.plist"; sourceTree = "<group>"; };
		6972D8DB19240735000D3724 /* en */ = {isa = PBXFileReference; lastKnownFileType = text.plist.strings; name = en; path = en.lproj/InfoPlist.strings; sourceTree = "<group>"; };
		6972D8DD19240735000D3724 /* main.m */ = {isa = PBXFileReference; lastKnownFileType = sourcecode.c.objc; path = main.m; sourceTree = "<group>"; };
		6972D8DF19240735000D3724 /* Aguacate-Prefix.pch */ = {isa = PBXFileReference; lastKnownFileType = sourcecode.c.h; path = "Aguacate-Prefix.pch"; sourceTree = "<group>"; };
		6972D8E019240735000D3724 /* AppDelegate.h */ = {isa = PBXFileReference; lastKnownFileType = sourcecode.c.h; path = AppDelegate.h; sourceTree = "<group>"; };
		6972D8E119240735000D3724 /* AppDelegate.m */ = {isa = PBXFileReference; lastKnownFileType = sourcecode.c.objc; path = AppDelegate.m; sourceTree = "<group>"; };
		6972D8E319240735000D3724 /* Images.xcassets */ = {isa = PBXFileReference; lastKnownFileType = folder.assetcatalog; path = Images.xcassets; sourceTree = "<group>"; };
		6972D8E919240735000D3724 /* AguacateTests.xctest */ = {isa = PBXFileReference; explicitFileType = wrapper.cfbundle; includeInIndex = 0; path = AguacateTests.xctest; sourceTree = BUILT_PRODUCTS_DIR; };
		6972D8EA19240735000D3724 /* XCTest.framework */ = {isa = PBXFileReference; lastKnownFileType = wrapper.framework; name = XCTest.framework; path = Library/Frameworks/XCTest.framework; sourceTree = DEVELOPER_DIR; };
		6972D8F219240735000D3724 /* AguacateTests-Info.plist */ = {isa = PBXFileReference; lastKnownFileType = text.plist.xml; path = "AguacateTests-Info.plist"; sourceTree = "<group>"; };
		6972D8F419240735000D3724 /* en */ = {isa = PBXFileReference; lastKnownFileType = text.plist.strings; name = en; path = en.lproj/InfoPlist.strings; sourceTree = "<group>"; };
		6972D8F619240735000D3724 /* AguacateTests.m */ = {isa = PBXFileReference; lastKnownFileType = sourcecode.c.objc; path = AguacateTests.m; sourceTree = "<group>"; };
		69F6EDCC19298E0D007D3E1C /* GameViewController.h */ = {isa = PBXFileReference; fileEncoding = 4; lastKnownFileType = sourcecode.c.h; path = GameViewController.h; sourceTree = "<group>"; };
		69F6EDCD19298E0D007D3E1C /* GameViewController.m */ = {isa = PBXFileReference; fileEncoding = 4; lastKnownFileType = sourcecode.c.objc; path = GameViewController.m; sourceTree = "<group>"; };
		69F6EDCF192995C1007D3E1C /* GameCell.h */ = {isa = PBXFileReference; fileEncoding = 4; lastKnownFileType = sourcecode.c.h; path = GameCell.h; sourceTree = "<group>"; };
		69F6EDD0192995C1007D3E1C /* GameCell.m */ = {isa = PBXFileReference; fileEncoding = 4; lastKnownFileType = sourcecode.c.objc; path = GameCell.m; sourceTree = "<group>"; };
		69F6EDD219299D1B007D3E1C /* GameManager.h */ = {isa = PBXFileReference; fileEncoding = 4; lastKnownFileType = sourcecode.c.h; path = GameManager.h; sourceTree = "<group>"; };
		69F6EDD319299D1B007D3E1C /* GameManager.m */ = {isa = PBXFileReference; fileEncoding = 4; lastKnownFileType = sourcecode.c.objc; path = GameManager.m; sourceTree = "<group>"; };
/* End PBXFileReference section */

/* Begin PBXFrameworksBuildPhase section */
		6972D8CB19240735000D3724 /* Frameworks */ = {
			isa = PBXFrameworksBuildPhase;
			buildActionMask = 2147483647;
			files = (
				6972D8D419240735000D3724 /* CoreGraphics.framework in Frameworks */,
				6972D8D619240735000D3724 /* UIKit.framework in Frameworks */,
				6972D8D219240735000D3724 /* Foundation.framework in Frameworks */,
			);
			runOnlyForDeploymentPostprocessing = 0;
		};
		6972D8E619240735000D3724 /* Frameworks */ = {
			isa = PBXFrameworksBuildPhase;
			buildActionMask = 2147483647;
			files = (
				6972D8EB19240735000D3724 /* XCTest.framework in Frameworks */,
				6972D8ED19240735000D3724 /* UIKit.framework in Frameworks */,
				6972D8EC19240735000D3724 /* Foundation.framework in Frameworks */,
			);
			runOnlyForDeploymentPostprocessing = 0;
		};
/* End PBXFrameworksBuildPhase section */

/* Begin PBXGroup section */
		6972D8C519240735000D3724 = {
			isa = PBXGroup;
			children = (
				6972D8D719240735000D3724 /* Aguacate */,
				6972D8F019240735000D3724 /* AguacateTests */,
				6972D8D019240735000D3724 /* Frameworks */,
				6972D8CF19240735000D3724 /* Products */,
			);
			sourceTree = "<group>";
		};
		6972D8CF19240735000D3724 /* Products */ = {
			isa = PBXGroup;
			children = (
				6972D8CE19240735000D3724 /* Aguacate.app */,
				6972D8E919240735000D3724 /* AguacateTests.xctest */,
			);
			name = Products;
			sourceTree = "<group>";
		};
		6972D8D019240735000D3724 /* Frameworks */ = {
			isa = PBXGroup;
			children = (
				6972D8D119240735000D3724 /* Foundation.framework */,
				6972D8D319240735000D3724 /* CoreGraphics.framework */,
				6972D8D519240735000D3724 /* UIKit.framework */,
				6972D8EA19240735000D3724 /* XCTest.framework */,
			);
			name = Frameworks;
			sourceTree = "<group>";
		};
		6972D8D719240735000D3724 /* Aguacate */ = {
			isa = PBXGroup;
			children = (
				6972D8E019240735000D3724 /* AppDelegate.h */,
				6972D8E119240735000D3724 /* AppDelegate.m */,
				6972D8E319240735000D3724 /* Images.xcassets */,
				6972D8D819240735000D3724 /* Supporting Files */,
				69F6EDCC19298E0D007D3E1C /* GameViewController.h */,
				69F6EDCD19298E0D007D3E1C /* GameViewController.m */,
				69F6EDCF192995C1007D3E1C /* GameCell.h */,
				69F6EDD0192995C1007D3E1C /* GameCell.m */,
				69F6EDD219299D1B007D3E1C /* GameManager.h */,
				69F6EDD319299D1B007D3E1C /* GameManager.m */,
			);
			path = Aguacate;
			sourceTree = "<group>";
		};
		6972D8D819240735000D3724 /* Supporting Files */ = {
			isa = PBXGroup;
			children = (
				6972D8D919240735000D3724 /* Aguacate-Info.plist */,
				6972D8DA19240735000D3724 /* InfoPlist.strings */,
				6972D8DD19240735000D3724 /* main.m */,
				6972D8DF19240735000D3724 /* Aguacate-Prefix.pch */,
			);
			name = "Supporting Files";
			sourceTree = "<group>";
		};
		6972D8F019240735000D3724 /* AguacateTests */ = {
			isa = PBXGroup;
			children = (
				6972D8F619240735000D3724 /* AguacateTests.m */,
				6972D8F119240735000D3724 /* Supporting Files */,
			);
			path = AguacateTests;
			sourceTree = "<group>";
		};
		6972D8F119240735000D3724 /* Supporting Files */ = {
			isa = PBXGroup;
			children = (
				6972D8F219240735000D3724 /* AguacateTests-Info.plist */,
				6972D8F319240735000D3724 /* InfoPlist.strings */,
			);
			name = "Supporting Files";
			sourceTree = "<group>";
		};
/* End PBXGroup section */

/* Begin PBXNativeTarget section */
		6972D8CD19240735000D3724 /* Aguacate */ = {
			isa = PBXNativeTarget;
			buildConfigurationList = 6972D8FA19240735000D3724 /* Build configuration list for PBXNativeTarget "Aguacate" */;
			buildPhases = (
				6972D8CA19240735000D3724 /* Sources */,
				6972D8CB19240735000D3724 /* Frameworks */,
				6972D8CC19240735000D3724 /* Resources */,
			);
			buildRules = (
			);
			dependencies = (
			);
			name = Aguacate;
			productName = Aguacate;
			productReference = 6972D8CE19240735000D3724 /* Aguacate.app */;
			productType = "com.apple.product-type.application";
		};
		6972D8E819240735000D3724 /* AguacateTests */ = {
			isa = PBXNativeTarget;
			buildConfigurationList = 6972D8FD19240735000D3724 /* Build configuration list for PBXNativeTarget "AguacateTests" */;
			buildPhases = (
				6972D8E519240735000D3724 /* Sources */,
				6972D8E619240735000D3724 /* Frameworks */,
				6972D8E719240735000D3724 /* Resources */,
			);
			buildRules = (
			);
			dependencies = (
				6972D8EF19240735000D3724 /* PBXTargetDependency */,
			);
			name = AguacateTests;
			productName = AguacateTests;
			productReference = 6972D8E919240735000D3724 /* AguacateTests.xctest */;
			productType = "com.apple.product-type.bundle.unit-test";
		};
/* End PBXNativeTarget section */

/* Begin PBXProject section */
		6972D8C619240735000D3724 /* Project object */ = {
			isa = PBXProject;
			attributes = {
				LastUpgradeCheck = 0510;
				ORGANIZATIONNAME = "Michael Lai";
				TargetAttributes = {
					6972D8E819240735000D3724 = {
						TestTargetID = 6972D8CD19240735000D3724;
					};
				};
			};
			buildConfigurationList = 6972D8C919240735000D3724 /* Build configuration list for PBXProject "Aguacate" */;
			compatibilityVersion = "Xcode 3.2";
			developmentRegion = English;
			hasScannedForEncodings = 0;
			knownRegions = (
				en,
			);
			mainGroup = 6972D8C519240735000D3724;
			productRefGroup = 6972D8CF19240735000D3724 /* Products */;
			projectDirPath = "";
			projectRoot = "";
			targets = (
				6972D8CD19240735000D3724 /* Aguacate */,
				6972D8E819240735000D3724 /* AguacateTests */,
			);
		};
/* End PBXProject section */

/* Begin PBXResourcesBuildPhase section */
		6972D8CC19240735000D3724 /* Resources */ = {
			isa = PBXResourcesBuildPhase;
			buildActionMask = 2147483647;
			files = (
				6972D8DC19240735000D3724 /* InfoPlist.strings in Resources */,
				6972D8E419240735000D3724 /* Images.xcassets in Resources */,
			);
			runOnlyForDeploymentPostprocessing = 0;
		};
		6972D8E719240735000D3724 /* Resources */ = {
			isa = PBXResourcesBuildPhase;
			buildActionMask = 2147483647;
			files = (
				6972D8F519240735000D3724 /* InfoPlist.strings in Resources */,
			);
			runOnlyForDeploymentPostprocessing = 0;
		};
/* End PBXResourcesBuildPhase section */

/* Begin PBXSourcesBuildPhase section */
		6972D8CA19240735000D3724 /* Sources */ = {
			isa = PBXSourcesBuildPhase;
			buildActionMask = 2147483647;
			files = (
				6972D8E219240735000D3724 /* AppDelegate.m in Sources */,
				69F6EDCE19298E0D007D3E1C /* GameViewController.m in Sources */,
				69F6EDD419299D1B007D3E1C /* GameManager.m in Sources */,
				6972D8DE19240735000D3724 /* main.m in Sources */,
				69F6EDD1192995C1007D3E1C /* GameCell.m in Sources */,
			);
			runOnlyForDeploymentPostprocessing = 0;
		};
		6972D8E519240735000D3724 /* Sources */ = {
			isa = PBXSourcesBuildPhase;
			buildActionMask = 2147483647;
			files = (
				6972D8F719240735000D3724 /* AguacateTests.m in Sources */,
			);
			runOnlyForDeploymentPostprocessing = 0;
		};
/* End PBXSourcesBuildPhase section */

/* Begin PBXTargetDependency section */
		6972D8EF19240735000D3724 /* PBXTargetDependency */ = {
			isa = PBXTargetDependency;
			target = 6972D8CD19240735000D3724 /* Aguacate */;
			targetProxy = 6972D8EE19240735000D3724 /* PBXContainerItemProxy */;
		};
/* End PBXTargetDependency section */

/* Begin PBXVariantGroup section */
		6972D8DA19240735000D3724 /* InfoPlist.strings */ = {
			isa = PBXVariantGroup;
			children = (
				6972D8DB19240735000D3724 /* en */,
			);
			name = InfoPlist.strings;
			sourceTree = "<group>";
		};
		6972D8F319240735000D3724 /* InfoPlist.strings */ = {
			isa = PBXVariantGroup;
			children = (
				6972D8F419240735000D3724 /* en */,
			);
			name = InfoPlist.strings;
			sourceTree = "<group>";
		};
/* End PBXVariantGroup section */

/* Begin XCBuildConfiguration section */
		6972D8F819240735000D3724 /* Debug */ = {
			isa = XCBuildConfiguration;
			buildSettings = {
				ALWAYS_SEARCH_USER_PATHS = NO;
				CLANG_CXX_LANGUAGE_STANDARD = "gnu++0x";
				CLANG_CXX_LIBRARY = "libc++";
				CLANG_ENABLE_MODULES = YES;
				CLANG_ENABLE_OBJC_ARC = YES;
				CLANG_WARN_BOOL_CONVERSION = YES;
				CLANG_WARN_CONSTANT_CONVERSION = YES;
				CLANG_WARN_DIRECT_OBJC_ISA_USAGE = YES_ERROR;
				CLANG_WARN_EMPTY_BODY = YES;
				CLANG_WARN_ENUM_CONVERSION = YES;
				CLANG_WARN_INT_CONVERSION = YES;
				CLANG_WARN_OBJC_ROOT_CLASS = YES_ERROR;
				CLANG_WARN__DUPLICATE_METHOD_MATCH = YES;
				"CODE_SIGN_IDENTITY[sdk=iphoneos*]" = "iPhone Developer";
				COPY_PHASE_STRIP = NO;
				GCC_C_LANGUAGE_STANDARD = gnu99;
				GCC_DYNAMIC_NO_PIC = NO;
				GCC_OPTIMIZATION_LEVEL = 0;
				GCC_PREPROCESSOR_DEFINITIONS = (
					"DEBUG=1",
					"$(inherited)",
				);
				GCC_SYMBOLS_PRIVATE_EXTERN = NO;
				GCC_WARN_64_TO_32_BIT_CONVERSION = YES;
				GCC_WARN_ABOUT_RETURN_TYPE = YES_ERROR;
				GCC_WARN_UNDECLARED_SELECTOR = YES;
				GCC_WARN_UNINITIALIZED_AUTOS = YES_AGGRESSIVE;
				GCC_WARN_UNUSED_FUNCTION = YES;
				GCC_WARN_UNUSED_VARIABLE = YES;
				IPHONEOS_DEPLOYMENT_TARGET = 7.1;
				ONLY_ACTIVE_ARCH = YES;
				SDKROOT = iphoneos;
			};
			name = Debug;
		};
		6972D8F919240735000D3724 /* Release */ = {
			isa = XCBuildConfiguration;
			buildSettings = {
				ALWAYS_SEARCH_USER_PATHS = NO;
				CLANG_CXX_LANGUAGE_STANDARD = "gnu++0x";
				CLANG_CXX_LIBRARY = "libc++";
				CLANG_ENABLE_MODULES = YES;
				CLANG_ENABLE_OBJC_ARC = YES;
				CLANG_WARN_BOOL_CONVERSION = YES;
				CLANG_WARN_CONSTANT_CONVERSION = YES;
				CLANG_WARN_DIRECT_OBJC_ISA_USAGE = YES_ERROR;
				CLANG_WARN_EMPTY_BODY = YES;
				CLANG_WARN_ENUM_CONVERSION = YES;
				CLANG_WARN_INT_CONVERSION = YES;
				CLANG_WARN_OBJC_ROOT_CLASS = YES_ERROR;
				CLANG_WARN__DUPLICATE_METHOD_MATCH = YES;
				"CODE_SIGN_IDENTITY[sdk=iphoneos*]" = "iPhone Developer";
				COPY_PHASE_STRIP = YES;
				ENABLE_NS_ASSERTIONS = NO;
				GCC_C_LANGUAGE_STANDARD = gnu99;
				GCC_WARN_64_TO_32_BIT_CONVERSION = YES;
				GCC_WARN_ABOUT_RETURN_TYPE = YES_ERROR;
				GCC_WARN_UNDECLARED_SELECTOR = YES;
				GCC_WARN_UNINITIALIZED_AUTOS = YES_AGGRESSIVE;
				GCC_WARN_UNUSED_FUNCTION = YES;
				GCC_WARN_UNUSED_VARIABLE = YES;
				IPHONEOS_DEPLOYMENT_TARGET = 7.1;
				SDKROOT = iphoneos;
				VALIDATE_PRODUCT = YES;
			};
			name = Release;
		};
		6972D8FB19240735000D3724 /* Debug */ = {
			isa = XCBuildConfiguration;
			buildSettings = {
				ASSETCATALOG_COMPILER_APPICON_NAME = AppIcon;
				ASSETCATALOG_COMPILER_LAUNCHIMAGE_NAME = LaunchImage;
				GCC_PRECOMPILE_PREFIX_HEADER = YES;
				GCC_PREFIX_HEADER = "Aguacate/Aguacate-Prefix.pch";
				INFOPLIST_FILE = "Aguacate/Aguacate-Info.plist";
				PRODUCT_NAME = "$(TARGET_NAME)";
				WRAPPER_EXTENSION = app;
			};
			name = Debug;
		};
		6972D8FC19240735000D3724 /* Release */ = {
			isa = XCBuildConfiguration;
			buildSettings = {
				ASSETCATALOG_COMPILER_APPICON_NAME = AppIcon;
				ASSETCATALOG_COMPILER_LAUNCHIMAGE_NAME = LaunchImage;
				GCC_PRECOMPILE_PREFIX_HEADER = YES;
				GCC_PREFIX_HEADER = "Aguacate/Aguacate-Prefix.pch";
				INFOPLIST_FILE = "Aguacate/Aguacate-Info.plist";
				PRODUCT_NAME = "$(TARGET_NAME)";
				WRAPPER_EXTENSION = app;
			};
			name = Release;
		};
		6972D8FE19240735000D3724 /* Debug */ = {
			isa = XCBuildConfiguration;
			buildSettings = {
				BUNDLE_LOADER = "$(BUILT_PRODUCTS_DIR)/Aguacate.app/Aguacate";
				FRAMEWORK_SEARCH_PATHS = (
					"$(SDKROOT)/Developer/Library/Frameworks",
					"$(inherited)",
					"$(DEVELOPER_FRAMEWORKS_DIR)",
				);
				GCC_PRECOMPILE_PREFIX_HEADER = YES;
				GCC_PREFIX_HEADER = "Aguacate/Aguacate-Prefix.pch";
				GCC_PREPROCESSOR_DEFINITIONS = (
					"DEBUG=1",
					"$(inherited)",
				);
				INFOPLIST_FILE = "AguacateTests/AguacateTests-Info.plist";
				PRODUCT_NAME = "$(TARGET_NAME)";
				TEST_HOST = "$(BUNDLE_LOADER)";
				WRAPPER_EXTENSION = xctest;
			};
			name = Debug;
		};
		6972D8FF19240735000D3724 /* Release */ = {
			isa = XCBuildConfiguration;
			buildSettings = {
				BUNDLE_LOADER = "$(BUILT_PRODUCTS_DIR)/Aguacate.app/Aguacate";
				FRAMEWORK_SEARCH_PATHS = (
					"$(SDKROOT)/Developer/Library/Frameworks",
					"$(inherited)",
					"$(DEVELOPER_FRAMEWORKS_DIR)",
				);
				GCC_PRECOMPILE_PREFIX_HEADER = YES;
				GCC_PREFIX_HEADER = "Aguacate/Aguacate-Prefix.pch";
				INFOPLIST_FILE = "AguacateTests/AguacateTests-Info.plist";
				PRODUCT_NAME = "$(TARGET_NAME)";
				TEST_HOST = "$(BUNDLE_LOADER)";
				WRAPPER_EXTENSION = xctest;
			};
			name = Release;
		};
/* End XCBuildConfiguration section */

/* Begin XCConfigurationList section */
		6972D8C919240735000D3724 /* Build configuration list for PBXProject "Aguacate" */ = {
			isa = XCConfigurationList;
			buildConfigurations = (
				6972D8F819240735000D3724 /* Debug */,
				6972D8F919240735000D3724 /* Release */,
			);
			defaultConfigurationIsVisible = 0;
			defaultConfigurationName = Release;
		};
		6972D8FA19240735000D3724 /* Build configuration list for PBXNativeTarget "Aguacate" */ = {
			isa = XCConfigurationList;
			buildConfigurations = (
				6972D8FB19240735000D3724 /* Debug */,
				6972D8FC19240735000D3724 /* Release */,
			);
			defaultConfigurationIsVisible = 0;
			defaultConfigurationName = Release;
		};
		6972D8FD19240735000D3724 /* Build configuration list for PBXNativeTarget "AguacateTests" */ = {
			isa = XCConfigurationList;
			buildConfigurations = (
				6972D8FE19240735000D3724 /* Debug */,
				6972D8FF19240735000D3724 /* Release */,
			);
			defaultConfigurationIsVisible = 0;
			defaultConfigurationName = Release;
		};
/* End XCConfigurationList section */
	};
	rootObject = 6972D8C619240735000D3724 /* Project object */;
}
